github.com/Mark-Kinyua/greetings v0.0.0-20220322114120-d9fc3ad9f334 h1:1ErUgzDcMhkDZRtQNABJy+rVerXUOVgyJP/o8nbx4w8=
github.com/Mark-Kinyua/greetings v0.0.0-20220322114120-d9fc3ad9f334/go.mod h1:gvr3M+SDNaZe4tETODJyxL8XB+SIy/AzeRhdQbZCUwY=
golang.org/x/text v0.0.0-20170915032832-14c0d48ead0c/go.mod h1:NqM8EUOU14njkJ3fqMW+pc6Ldnwhi/IjpwHt7yyuwOQ=
rsc.io/quote v1.5.2/go.mod h1:LzX7hefJvL54yjefDEDHNONDjII0t9xZLPXsUe+TKr0=
rsc.io/sampler v1.3.0/go.mod h1:T1hPZKmBbMNahiBKFy5HrXp6adAjACjK9JXDnKaTXpA=
